name: Generate package lock

on:
  push:
    branches: [review/runtime-cleanup]

permissions:
  contents: write

jobs:
  lock:
    if: github.actor != 'github-actions[bot]'
    runs-on: ubuntu-latest
    timeout-minutes: 10

    steps:
      - name: Checkout
        uses: actions/checkout@v7
        with:
          ref: review/runtime-cleanup

      - name: Set up Node
        uses: actions/setup-node@v7
        with:
          node-version: 22

      - name: Generate lock file
        run: npm install --package-lock-only --ignore-scripts --no-audit --no-fund

      - name: Commit lock file
        run: |
          if [ -z "$(git status --porcelain package-lock.json)" ]; then
            exit 0
          fi
          git config user.name "github-actions[bot]"
          git config user.email "41898282+github-actions[bot]@users.noreply.github.com"
          git add package-lock.json
          git commit -m "Add package lock"
          git push origin HEAD:review/runtime-cleanup
